
Microsoft Visual Studio Solution File, Format Version 12.00
# Visual Studio Version 17
VisualStudioVersion = 17.6.33829.357
MinimumVisualStudioVersion = 10.0.40219.1
Project("{FAE04EC0-301F-11D3-BF4B-00C04F79EFBC}") = "FinanceTracker1_0", "FinanceTracker1_0\FinanceTracker1_0.csproj", "{EB92C59C-0594-4E63-902F-A931B015D598}"
EndProject
Global
	GlobalSection(SolutionConfigurationPlatforms) = preSolution
		Debug|Any CPU = Debug|Any CPU
		Release|Any CPU = Release|Any CPU
	EndGlobalSection
	GlobalSection(ProjectConfigurationPlatforms) = postSolution
		{EB92C59C-0594-4E63-902F-A931B015D598}.Debug|Any CPU.ActiveCfg = Debug|Any CPU
		{EB92C59C-0594-4E63-902F-A931B015D598}.Debug|Any CPU.Build.0 = Debug|Any CPU
		{EB92C59C-0594-4E63-902F-A931B015D598}.Release|Any CPU.ActiveCfg = Release|Any CPU
		{EB92C59C-0594-4E63-902F-A931B015D598}.Release|Any CPU.Build.0 = Release|Any CPU
	EndGlobalSection
	GlobalSection(SolutionProperties) = preSolution
		HideSolutionNode = FALSE
	EndGlobalSection
	GlobalSection(ExtensibilityGlobals) = postSolution
		SolutionGuid = {8EF67784-FBBB-45E0-B089-AD16326AAF79}
	EndGlobalSection
EndGlobal
